
Microsoft Visual Studio Solution File, Format Version 12.00
# Visual Studio 2013
VisualStudioVersion = 12.0.21005.1
MinimumVisualStudioVersion = 10.0.40219.1
Project("{FAE04EC0-301F-11D3-BF4B-00C04F79EFBC}") = "SuperMarket", "SuperMarket\SuperMarket.csproj", "{6A677B07-A54E-4213-9CC6-792F0E90460B}"
EndProject
Global
	GlobalSection(SolutionConfigurationPlatforms) = preSolution
		Debug|Any CPU = Debug|Any CPU
		Release|Any CPU = Release|Any CPU
	EndGlobalSection
	GlobalSection(ProjectConfigurationPlatforms) = postSolution
		{6A677B07-A54E-4213-9CC6-792F0E90460B}.Debug|Any CPU.ActiveCfg = Debug|Any CPU
		{6A677B07-A54E-4213-9CC6-792F0E90460B}.Debug|Any CPU.Build.0 = Debug|Any CPU
		{6A677B07-A54E-4213-9CC6-792F0E90460B}.Release|Any CPU.ActiveCfg = Release|Any CPU
		{6A677B07-A54E-4213-9CC6-792F0E90460B}.Release|Any CPU.Build.0 = Release|Any CPU
	EndGlobalSection
	GlobalSection(SolutionProperties) = preSolution
		HideSolutionNode = FALSE
	EndGlobalSection
EndGlobal
